// !$*UTF8*$!
{
	archiveVersion = 1;
	classes = {
	};
	objectVersion = 51;
	objects = {

/* Begin PBXBuildFile section */
		186060B13C8C189A69EB91E6 /* Pods_MeetMeThere_MeetMeThereUITests.framework in Frameworks */ = {isa = PBXBuildFile; fileRef = F2EE2AEFB126027F009AE651 /* Pods_MeetMeThere_MeetMeThereUITests.framework */; };
		243DA7F626160CDB003C75C8 /* LogInRegistrationButtons.swift in Sources */ = {isa = PBXBuildFile; fileRef = 243DA7F526160CDB003C75C8 /* LogInRegistrationButtons.swift */; };
		24C56AC026132AF9000E5EC2 /* AppDelegate.swift in Sources */ = {isa = PBXBuildFile; fileRef = 24C56ABF26132AF9000E5EC2 /* AppDelegate.swift */; };
		24C56AC226132AF9000E5EC2 /* SceneDelegate.swift in Sources */ = {isa = PBXBuildFile; fileRef = 24C56AC126132AF9000E5EC2 /* SceneDelegate.swift */; };
		24C56AC926132AFC000E5EC2 /* Assets.xcassets in Resources */ = {isa = PBXBuildFile; fileRef = 24C56AC826132AFC000E5EC2 /* Assets.xcassets */; };
		24C56ACF26132AFC000E5EC2 /* LaunchScreen.storyboard in Resources */ = {isa = PBXBuildFile; fileRef = 24C56ACD26132AFC000E5EC2 /* LaunchScreen.storyboard */; };
		24C56ADA26132AFD000E5EC2 /* MeetMeThereTests.swift in Sources */ = {isa = PBXBuildFile; fileRef = 24C56AD926132AFD000E5EC2 /* MeetMeThereTests.swift */; };
		24C56AE526132AFD000E5EC2 /* MeetMeThereUITests.swift in Sources */ = {isa = PBXBuildFile; fileRef = 24C56AE426132AFD000E5EC2 /* MeetMeThereUITests.swift */; };
		24C56B462614BDFD000E5EC2 /* GoogleService-Info.plist in Resources */ = {isa = PBXBuildFile; fileRef = 24C56B452614BDFD000E5EC2 /* GoogleService-Info.plist */; };
		24C56BCF2614C651000E5EC2 /* StartScreenView.swift in Sources */ = {isa = PBXBuildFile; fileRef = 24C56BCE2614C651000E5EC2 /* StartScreenView.swift */; };
		24C56C062614CBA5000E5EC2 /* Localizable.strings in Resources */ = {isa = PBXBuildFile; fileRef = 24C56C082614CBA5000E5EC2 /* Localizable.strings */; };
		24C56C45261587AD000E5EC2 /* Preview Content in Resources */ = {isa = PBXBuildFile; fileRef = 24C56C44261587AD000E5EC2 /* Preview Content */; };
		24C56C4A261587C7000E5EC2 /* R.generated.swift in Sources */ = {isa = PBXBuildFile; fileRef = 24C56C49261587C7000E5EC2 /* R.generated.swift */; };
		24C56C55261589BF000E5EC2 /* BrandonGrotesque-ThinItalic.ttf in Resources */ = {isa = PBXBuildFile; fileRef = 24C56C4F261589BF000E5EC2 /* BrandonGrotesque-ThinItalic.ttf */; };
		24C56C56261589BF000E5EC2 /* BrandonGrotesque-Black.ttf in Resources */ = {isa = PBXBuildFile; fileRef = 24C56C50261589BF000E5EC2 /* BrandonGrotesque-Black.ttf */; };
		24C56C57261589BF000E5EC2 /* BrandonGrotesque-Thin.ttf in Resources */ = {isa = PBXBuildFile; fileRef = 24C56C51261589BF000E5EC2 /* BrandonGrotesque-Thin.ttf */; };
		24C56C58261589BF000E5EC2 /* BrandonGrotesque-Bold.ttf in Resources */ = {isa = PBXBuildFile; fileRef = 24C56C52261589BF000E5EC2 /* BrandonGrotesque-Bold.ttf */; };
		24C56C59261589BF000E5EC2 /* BrandonGrotesque-Medium.ttf in Resources */ = {isa = PBXBuildFile; fileRef = 24C56C53261589BF000E5EC2 /* BrandonGrotesque-Medium.ttf */; };
		24C56C5A261589BF000E5EC2 /* BrandonGrotesque-Light.ttf in Resources */ = {isa = PBXBuildFile; fileRef = 24C56C54261589BF000E5EC2 /* BrandonGrotesque-Light.ttf */; };
		766039EC2CD9F06052BC3410 /* Pods_MeetMeThereTests.framework in Frameworks */ = {isa = PBXBuildFile; fileRef = 67FDE3527216E56E656A7E2C /* Pods_MeetMeThereTests.framework */; };
		95AA1F1B87E57C85072CD0C1 /* Pods_MeetMeThere.framework in Frameworks */ = {isa = PBXBuildFile; fileRef = FA3F19E777462D65FD0A000A /* Pods_MeetMeThere.framework */; };
/* End PBXBuildFile section */

/* Begin PBXContainerItemProxy section */
		24C56AD626132AFD000E5EC2 /* PBXContainerItemProxy */ = {
			isa = PBXContainerItemProxy;
			containerPortal = 24C56AB426132AF9000E5EC2 /* Project object */;
			proxyType = 1;
			remoteGlobalIDString = 24C56ABB26132AF9000E5EC2;
			remoteInfo = MeetMeThere;
		};
		24C56AE126132AFD000E5EC2 /* PBXContainerItemProxy */ = {
			isa = PBXContainerItemProxy;
			containerPortal = 24C56AB426132AF9000E5EC2 /* Project object */;
			proxyType = 1;
			remoteGlobalIDString = 24C56ABB26132AF9000E5EC2;
			remoteInfo = MeetMeThere;
		};
/* End PBXContainerItemProxy section */

/* Begin PBXFileReference section */
		243DA7F526160CDB003C75C8 /* LogInRegistrationButtons.swift */ = {isa = PBXFileReference; lastKnownFileType = sourcecode.swift; path = LogInRegistrationButtons.swift; sourceTree = "<group>"; };
		24C56ABC26132AF9000E5EC2 /* MeetMeThere.app */ = {isa = PBXFileReference; explicitFileType = wrapper.application; includeInIndex = 0; path = MeetMeThere.app; sourceTree = BUILT_PRODUCTS_DIR; };
		24C56ABF26132AF9000E5EC2 /* AppDelegate.swift */ = {isa = PBXFileReference; lastKnownFileType = sourcecode.swift; path = AppDelegate.swift; sourceTree = "<group>"; };
		24C56AC126132AF9000E5EC2 /* SceneDelegate.swift */ = {isa = PBXFileReference; lastKnownFileType = sourcecode.swift; path = SceneDelegate.swift; sourceTree = "<group>"; };
		24C56AC826132AFC000E5EC2 /* Assets.xcassets */ = {isa = PBXFileReference; lastKnownFileType = folder.assetcatalog; path = Assets.xcassets; sourceTree = "<group>"; };
		24C56ACE26132AFC000E5EC2 /* Base */ = {isa = PBXFileReference; lastKnownFileType = file.storyboard; name = Base; path = Base.lproj/LaunchScreen.storyboard; sourceTree = "<group>"; };
		24C56AD026132AFC000E5EC2 /* Info.plist */ = {isa = PBXFileReference; lastKnownFileType = text.plist.xml; path = Info.plist; sourceTree = "<group>"; };
		24C56AD526132AFD000E5EC2 /* MeetMeThereTests.xctest */ = {isa = PBXFileReference; explicitFileType = wrapper.cfbundle; includeInIndex = 0; path = MeetMeThereTests.xctest; sourceTree = BUILT_PRODUCTS_DIR; };
		24C56AD926132AFD000E5EC2 /* MeetMeThereTests.swift */ = {isa = PBXFileReference; lastKnownFileType = sourcecode.swift; path = MeetMeThereTests.swift; sourceTree = "<group>"; };
		24C56ADB26132AFD000E5EC2 /* Info.plist */ = {isa = PBXFileReference; lastKnownFileType = text.plist.xml; path = Info.plist; sourceTree = "<group>"; };
		24C56AE026132AFD000E5EC2 /* MeetMeThereUITests.xctest */ = {isa = PBXFileReference; explicitFileType = wrapper.cfbundle; includeInIndex = 0; path = MeetMeThereUITests.xctest; sourceTree = BUILT_PRODUCTS_DIR; };
		24C56AE426132AFD000E5EC2 /* MeetMeThereUITests.swift */ = {isa = PBXFileReference; lastKnownFileType = sourcecode.swift; path = MeetMeThereUITests.swift; sourceTree = "<group>"; };
		24C56AE626132AFD000E5EC2 /* Info.plist */ = {isa = PBXFileReference; lastKnownFileType = text.plist.xml; path = Info.plist; sourceTree = "<group>"; };
		24C56B452614BDFD000E5EC2 /* GoogleService-Info.plist */ = {isa = PBXFileReference; fileEncoding = 4; lastKnownFileType = text.plist.xml; path = "GoogleService-Info.plist"; sourceTree = "<group>"; };
		24C56BCE2614C651000E5EC2 /* StartScreenView.swift */ = {isa = PBXFileReference; lastKnownFileType = sourcecode.swift; path = StartScreenView.swift; sourceTree = "<group>"; };
		24C56C0C2614CBAA000E5EC2 /* en */ = {isa = PBXFileReference; lastKnownFileType = text.plist.strings; name = en; path = en.lproj/Localizable.strings; sourceTree = "<group>"; };
		24C56C0D2614CC34000E5EC2 /* uk */ = {isa = PBXFileReference; lastKnownFileType = text.plist.strings; name = uk; path = uk.lproj/LaunchScreen.strings; sourceTree = "<group>"; };
		24C56C0E2614CC3E000E5EC2 /* uk */ = {isa = PBXFileReference; lastKnownFileType = text.plist.strings; name = uk; path = uk.lproj/Localizable.strings; sourceTree = "<group>"; };
		24C56C0F2614CCEE000E5EC2 /* ru */ = {isa = PBXFileReference; lastKnownFileType = text.plist.strings; name = ru; path = ru.lproj/Localizable.strings; sourceTree = "<group>"; };
		24C56C44261587AD000E5EC2 /* Preview Content */ = {isa = PBXFileReference; lastKnownFileType = folder; path = "Preview Content"; sourceTree = "<group>"; };
		24C56C49261587C7000E5EC2 /* R.generated.swift */ = {isa = PBXFileReference; fileEncoding = 4; lastKnownFileType = sourcecode.swift; path = R.generated.swift; sourceTree = "<group>"; };
		24C56C4F261589BF000E5EC2 /* BrandonGrotesque-ThinItalic.ttf */ = {isa = PBXFileReference; lastKnownFileType = file; path = "BrandonGrotesque-ThinItalic.ttf"; sourceTree = "<group>"; };
		24C56C50261589BF000E5EC2 /* BrandonGrotesque-Black.ttf */ = {isa = PBXFileReference; lastKnownFileType = file; path = "BrandonGrotesque-Black.ttf"; sourceTree = "<group>"; };
		24C56C51261589BF000E5EC2 /* BrandonGrotesque-Thin.ttf */ = {isa = PBXFileReference; lastKnownFileType = file; path = "BrandonGrotesque-Thin.ttf"; sourceTree = "<group>"; };
		24C56C52261589BF000E5EC2 /* BrandonGrotesque-Bold.ttf */ = {isa = PBXFileReference; lastKnownFileType = file; path = "BrandonGrotesque-Bold.ttf"; sourceTree = "<group>"; };
		24C56C53261589BF000E5EC2 /* BrandonGrotesque-Medium.ttf */ = {isa = PBXFileReference; lastKnownFileType = file; path = "BrandonGrotesque-Medium.ttf"; sourceTree = "<group>"; };
		24C56C54261589BF000E5EC2 /* BrandonGrotesque-Light.ttf */ = {isa = PBXFileReference; lastKnownFileType = file; path = "BrandonGrotesque-Light.ttf"; sourceTree = "<group>"; };
		67FDE3527216E56E656A7E2C /* Pods_MeetMeThereTests.framework */ = {isa = PBXFileReference; explicitFileType = wrapper.framework; includeInIndex = 0; path = Pods_MeetMeThereTests.framework; sourceTree = BUILT_PRODUCTS_DIR; };
		708DBFED0BFE8AEF2BF17BCF /* Pods-MeetMeThereTests.release.xcconfig */ = {isa = PBXFileReference; includeInIndex = 1; lastKnownFileType = text.xcconfig; name = "Pods-MeetMeThereTests.release.xcconfig"; path = "Target Support Files/Pods-MeetMeThereTests/Pods-MeetMeThereTests.release.xcconfig"; sourceTree = "<group>"; };
		A32F129FC9E304F9B88D36D9 /* Pods-MeetMeThere.debug.xcconfig */ = {isa = PBXFileReference; includeInIndex = 1; lastKnownFileType = text.xcconfig; name = "Pods-MeetMeThere.debug.xcconfig"; path = "Target Support Files/Pods-MeetMeThere/Pods-MeetMeThere.debug.xcconfig"; sourceTree = "<group>"; };
		A7268ECBCFB173B65955E628 /* Pods-MeetMeThereTests.debug.xcconfig */ = {isa = PBXFileReference; includeInIndex = 1; lastKnownFileType = text.xcconfig; name = "Pods-MeetMeThereTests.debug.xcconfig"; path = "Target Support Files/Pods-MeetMeThereTests/Pods-MeetMeThereTests.debug.xcconfig"; sourceTree = "<group>"; };
		A83C686CF653C816A3082F3B /* Pods-MeetMeThere-MeetMeThereUITests.release.xcconfig */ = {isa = PBXFileReference; includeInIndex = 1; lastKnownFileType = text.xcconfig; name = "Pods-MeetMeThere-MeetMeThereUITests.release.xcconfig"; path = "Target Support Files/Pods-MeetMeThere-MeetMeThereUITests/Pods-MeetMeThere-MeetMeThereUITests.release.xcconfig"; sourceTree = "<group>"; };
		CB056A4E7C4C70EF6AD1FB1B /* Pods-MeetMeThere-MeetMeThereUITests.debug.xcconfig */ = {isa = PBXFileReference; includeInIndex = 1; lastKnownFileType = text.xcconfig; name = "Pods-MeetMeThere-MeetMeThereUITests.debug.xcconfig"; path = "Target Support Files/Pods-MeetMeThere-MeetMeThereUITests/Pods-MeetMeThere-MeetMeThereUITests.debug.xcconfig"; sourceTree = "<group>"; };
		F2EE2AEFB126027F009AE651 /* Pods_MeetMeThere_MeetMeThereUITests.framework */ = {isa = PBXFileReference; explicitFileType = wrapper.framework; includeInIndex = 0; path = Pods_MeetMeThere_MeetMeThereUITests.framework; sourceTree = BUILT_PRODUCTS_DIR; };
		F891F28715221CFD74AB0514 /* Pods-MeetMeThere.release.xcconfig */ = {isa = PBXFileReference; includeInIndex = 1; lastKnownFileType = text.xcconfig; name = "Pods-MeetMeThere.release.xcconfig"; path = "Target Support Files/Pods-MeetMeThere/Pods-MeetMeThere.release.xcconfig"; sourceTree = "<group>"; };
		FA3F19E777462D65FD0A000A /* Pods_MeetMeThere.framework */ = {isa = PBXFileReference; explicitFileType = wrapper.framework; includeInIndex = 0; path = Pods_MeetMeThere.framework; sourceTree = BUILT_PRODUCTS_DIR; };
/* End PBXFileReference section */

/* Begin PBXFrameworksBuildPhase section */
		24C56AB926132AF9000E5EC2 /* Frameworks */ = {
			isa = PBXFrameworksBuildPhase;
			buildActionMask = 2147483647;
			files = (
				95AA1F1B87E57C85072CD0C1 /* Pods_MeetMeThere.framework in Frameworks */,
			);
			runOnlyForDeploymentPostprocessing = 0;
		};
		24C56AD226132AFD000E5EC2 /* Frameworks */ = {
			isa = PBXFrameworksBuildPhase;
			buildActionMask = 2147483647;
			files = (
				766039EC2CD9F06052BC3410 /* Pods_MeetMeThereTests.framework in Frameworks */,
			);
			runOnlyForDeploymentPostprocessing = 0;
		};
		24C56ADD26132AFD000E5EC2 /* Frameworks */ = {
			isa = PBXFrameworksBuildPhase;
			buildActionMask = 2147483647;
			files = (
				186060B13C8C189A69EB91E6 /* Pods_MeetMeThere_MeetMeThereUITests.framework in Frameworks */,
			);
			runOnlyForDeploymentPostprocessing = 0;
		};
/* End PBXFrameworksBuildPhase section */

/* Begin PBXGroup section */
		243DA7E92615CD2B003C75C8 /* New Group */ = {
			isa = PBXGroup;
			children = (
			);
			path = "New Group";
			sourceTree = "<group>";
		};
		243DA7F026160C2C003C75C8 /* Models */ = {
			isa = PBXGroup;
			children = (
			);
			path = Models;
			sourceTree = "<group>";
		};
		243DA7F126160C42003C75C8 /* Views */ = {
			isa = PBXGroup;
			children = (
				243DA7F426160C80003C75C8 /* Buttons */,
				243DA7F326160C5E003C75C8 /* StrartScreen */,
			);
			path = Views;
			sourceTree = "<group>";
		};
		243DA7F226160C4D003C75C8 /* ViewModels */ = {
			isa = PBXGroup;
			children = (
			);
			path = ViewModels;
			sourceTree = "<group>";
		};
		243DA7F326160C5E003C75C8 /* StrartScreen */ = {
			isa = PBXGroup;
			children = (
				24C56BCE2614C651000E5EC2 /* StartScreenView.swift */,
			);
			path = StrartScreen;
			sourceTree = "<group>";
		};
		243DA7F426160C80003C75C8 /* Buttons */ = {
			isa = PBXGroup;
			children = (
				243DA7F526160CDB003C75C8 /* LogInRegistrationButtons.swift */,
			);
			path = Buttons;
			sourceTree = "<group>";
		};
		24C56AB326132AF9000E5EC2 = {
			isa = PBXGroup;
			children = (
				24C56ABE26132AF9000E5EC2 /* MeetMeThere */,
				24C56AD826132AFD000E5EC2 /* MeetMeThereTests */,
				24C56AE326132AFD000E5EC2 /* MeetMeThereUITests */,
				24C56ABD26132AF9000E5EC2 /* Products */,
				9263AC7D7D15C4ADFEB9346E /* Pods */,
				E0AD302477CFC9B7C4F2FD77 /* Frameworks */,
			);
			sourceTree = "<group>";
		};
		24C56ABD26132AF9000E5EC2 /* Products */ = {
			isa = PBXGroup;
			children = (
				24C56ABC26132AF9000E5EC2 /* MeetMeThere.app */,
				24C56AD526132AFD000E5EC2 /* MeetMeThereTests.xctest */,
				24C56AE026132AFD000E5EC2 /* MeetMeThereUITests.xctest */,
			);
			name = Products;
			sourceTree = "<group>";
		};
		24C56ABE26132AF9000E5EC2 /* MeetMeThere */ = {
			isa = PBXGroup;
			children = (
				243DA7F226160C4D003C75C8 /* ViewModels */,
				243DA7F126160C42003C75C8 /* Views */,
				243DA7F026160C2C003C75C8 /* Models */,
				24C56C4E261588D2000E5EC2 /* Fonts */,
				24C56B412614BD62000E5EC2 /* App Delegate */,
				24C56C3D26158656000E5EC2 /* Generated */,
				24C56BDA2614C957000E5EC2 /* Localization */,
				24C56C44261587AD000E5EC2 /* Preview Content */,
				24C56B402614BCF7000E5EC2 /* Resources */,
				24C56AF526132B1E000E5EC2 /* StartScreen */,
			);
			path = MeetMeThere;
			sourceTree = "<group>";
		};
		24C56AD826132AFD000E5EC2 /* MeetMeThereTests */ = {
			isa = PBXGroup;
			children = (
				24C56AD926132AFD000E5EC2 /* MeetMeThereTests.swift */,
				24C56ADB26132AFD000E5EC2 /* Info.plist */,
			);
			path = MeetMeThereTests;
			sourceTree = "<group>";
		};
		24C56AE326132AFD000E5EC2 /* MeetMeThereUITests */ = {
			isa = PBXGroup;
			children = (
				24C56AE426132AFD000E5EC2 /* MeetMeThereUITests.swift */,
				24C56AE626132AFD000E5EC2 /* Info.plist */,
			);
			path = MeetMeThereUITests;
			sourceTree = "<group>";
		};
		24C56AF526132B1E000E5EC2 /* StartScreen */ = {
			isa = PBXGroup;
			children = (
				243DA7E92615CD2B003C75C8 /* New Group */,
				24C56ACD26132AFC000E5EC2 /* LaunchScreen.storyboard */,
			);
			path = StartScreen;
			sourceTree = "<group>";
		};
		24C56B402614BCF7000E5EC2 /* Resources */ = {
			isa = PBXGroup;
			children = (
				24C56AC826132AFC000E5EC2 /* Assets.xcassets */,
				24C56B452614BDFD000E5EC2 /* GoogleService-Info.plist */,
				24C56AD026132AFC000E5EC2 /* Info.plist */,
			);
			path = Resources;
			sourceTree = "<group>";
		};
		24C56B412614BD62000E5EC2 /* App Delegate */ = {
			isa = PBXGroup;
			children = (
				24C56ABF26132AF9000E5EC2 /* AppDelegate.swift */,
				24C56AC126132AF9000E5EC2 /* SceneDelegate.swift */,
			);
			path = "App Delegate";
			sourceTree = "<group>";
		};
		24C56BDA2614C957000E5EC2 /* Localization */ = {
			isa = PBXGroup;
			children = (
				24C56C082614CBA5000E5EC2 /* Localizable.strings */,
			);
			path = Localization;
			sourceTree = "<group>";
		};
		24C56C3D26158656000E5EC2 /* Generated */ = {
			isa = PBXGroup;
			children = (
				24C56C49261587C7000E5EC2 /* R.generated.swift */,
			);
			path = Generated;
			sourceTree = "<group>";
		};
		24C56C4E261588D2000E5EC2 /* Fonts */ = {
			isa = PBXGroup;
			children = (
				24C56C50261589BF000E5EC2 /* BrandonGrotesque-Black.ttf */,
				24C56C52261589BF000E5EC2 /* BrandonGrotesque-Bold.ttf */,
				24C56C54261589BF000E5EC2 /* BrandonGrotesque-Light.ttf */,
				24C56C53261589BF000E5EC2 /* BrandonGrotesque-Medium.ttf */,
				24C56C51261589BF000E5EC2 /* BrandonGrotesque-Thin.ttf */,
				24C56C4F261589BF000E5EC2 /* BrandonGrotesque-ThinItalic.ttf */,
			);
			path = Fonts;
			sourceTree = "<group>";
		};
		9263AC7D7D15C4ADFEB9346E /* Pods */ = {
			isa = PBXGroup;
			children = (
				A32F129FC9E304F9B88D36D9 /* Pods-MeetMeThere.debug.xcconfig */,
				F891F28715221CFD74AB0514 /* Pods-MeetMeThere.release.xcconfig */,
				CB056A4E7C4C70EF6AD1FB1B /* Pods-MeetMeThere-MeetMeThereUITests.debug.xcconfig */,
				A83C686CF653C816A3082F3B /* Pods-MeetMeThere-MeetMeThereUITests.release.xcconfig */,
				A7268ECBCFB173B65955E628 /* Pods-MeetMeThereTests.debug.xcconfig */,
				708DBFED0BFE8AEF2BF17BCF /* Pods-MeetMeThereTests.release.xcconfig */,
			);
			path = Pods;
			sourceTree = "<group>";
		};
		E0AD302477CFC9B7C4F2FD77 /* Frameworks */ = {
			isa = PBXGroup;
			children = (
				FA3F19E777462D65FD0A000A /* Pods_MeetMeThere.framework */,
				F2EE2AEFB126027F009AE651 /* Pods_MeetMeThere_MeetMeThereUITests.framework */,
				67FDE3527216E56E656A7E2C /* Pods_MeetMeThereTests.framework */,
			);
			name = Frameworks;
			sourceTree = "<group>";
		};
/* End PBXGroup section */

/* Begin PBXNativeTarget section */
		24C56ABB26132AF9000E5EC2 /* MeetMeThere */ = {
			isa = PBXNativeTarget;
			buildConfigurationList = 24C56AE926132AFD000E5EC2 /* Build configuration list for PBXNativeTarget "MeetMeThere" */;
			buildPhases = (
				9443EC4A082523F29242A213 /* [CP] Check Pods Manifest.lock */,
				24C56C2B2614CEF0000E5EC2 /* ShellScript */,
				24C56AB826132AF9000E5EC2 /* Sources */,
				24C56AB926132AF9000E5EC2 /* Frameworks */,
				24C56ABA26132AF9000E5EC2 /* Resources */,
				5BFA56D6C8EFEF72915A4F2E /* [CP] Embed Pods Frameworks */,
			);
			buildRules = (
			);
			dependencies = (
			);
			name = MeetMeThere;
			productName = MeetMeThere;
			productReference = 24C56ABC26132AF9000E5EC2 /* MeetMeThere.app */;
			productType = "com.apple.product-type.application";
		};
		24C56AD426132AFD000E5EC2 /* MeetMeThereTests */ = {
			isa = PBXNativeTarget;
			buildConfigurationList = 24C56AEC26132AFD000E5EC2 /* Build configuration list for PBXNativeTarget "MeetMeThereTests" */;
			buildPhases = (
				7908A97E2C1C0736BC682E67 /* [CP] Check Pods Manifest.lock */,
				24C56AD126132AFD000E5EC2 /* Sources */,
				24C56AD226132AFD000E5EC2 /* Frameworks */,
				24C56AD326132AFD000E5EC2 /* Resources */,
			);
			buildRules = (
			);
			dependencies = (
				24C56AD726132AFD000E5EC2 /* PBXTargetDependency */,
			);
			name = MeetMeThereTests;
			productName = MeetMeThereTests;
			productReference = 24C56AD526132AFD000E5EC2 /* MeetMeThereTests.xctest */;
			productType = "com.apple.product-type.bundle.unit-test";
		};
		24C56ADF26132AFD000E5EC2 /* MeetMeThereUITests */ = {
			isa = PBXNativeTarget;
			buildConfigurationList = 24C56AEF26132AFD000E5EC2 /* Build configuration list for PBXNativeTarget "MeetMeThereUITests" */;
			buildPhases = (
				FA56E301C49296E57CA42993 /* [CP] Check Pods Manifest.lock */,
				24C56ADC26132AFD000E5EC2 /* Sources */,
				24C56ADD26132AFD000E5EC2 /* Frameworks */,
				24C56ADE26132AFD000E5EC2 /* Resources */,
				C53BA126E53371E7E4E607B4 /* [CP] Embed Pods Frameworks */,
			);
			buildRules = (
			);
			dependencies = (
				24C56AE226132AFD000E5EC2 /* PBXTargetDependency */,
			);
			name = MeetMeThereUITests;
			productName = MeetMeThereUITests;
			productReference = 24C56AE026132AFD000E5EC2 /* MeetMeThereUITests.xctest */;
			productType = "com.apple.product-type.bundle.ui-testing";
		};
/* End PBXNativeTarget section */

/* Begin PBXProject section */
		24C56AB426132AF9000E5EC2 /* Project object */ = {
			isa = PBXProject;
			attributes = {
				LastSwiftUpdateCheck = 1240;
				LastUpgradeCheck = 1240;
				TargetAttributes = {
					24C56ABB26132AF9000E5EC2 = {
						CreatedOnToolsVersion = 12.4;
					};
					24C56AD426132AFD000E5EC2 = {
						CreatedOnToolsVersion = 12.4;
						TestTargetID = 24C56ABB26132AF9000E5EC2;
					};
					24C56ADF26132AFD000E5EC2 = {
						CreatedOnToolsVersion = 12.4;
						TestTargetID = 24C56ABB26132AF9000E5EC2;
					};
				};
			};
			buildConfigurationList = 24C56AB726132AF9000E5EC2 /* Build configuration list for PBXProject "MeetMeThere" */;
			compatibilityVersion = "Xcode 9.3";
			developmentRegion = en;
			hasScannedForEncodings = 0;
			knownRegions = (
				en,
				Base,
				uk,
				ru,
			);
			mainGroup = 24C56AB326132AF9000E5EC2;
			productRefGroup = 24C56ABD26132AF9000E5EC2 /* Products */;
			projectDirPath = "";
			projectRoot = "";
			targets = (
				24C56ABB26132AF9000E5EC2 /* MeetMeThere */,
				24C56AD426132AFD000E5EC2 /* MeetMeThereTests */,
				24C56ADF26132AFD000E5EC2 /* MeetMeThereUITests */,
			);
		};
/* End PBXProject section */

/* Begin PBXResourcesBuildPhase section */
		24C56ABA26132AF9000E5EC2 /* Resources */ = {
			isa = PBXResourcesBuildPhase;
			buildActionMask = 2147483647;
			files = (
				24C56C57261589BF000E5EC2 /* BrandonGrotesque-Thin.ttf in Resources */,
				24C56C58261589BF000E5EC2 /* BrandonGrotesque-Bold.ttf in Resources */,
				24C56C55261589BF000E5EC2 /* BrandonGrotesque-ThinItalic.ttf in Resources */,
				24C56C062614CBA5000E5EC2 /* Localizable.strings in Resources */,
				24C56C45261587AD000E5EC2 /* Preview Content in Resources */,
				24C56ACF26132AFC000E5EC2 /* LaunchScreen.storyboard in Resources */,
				24C56B462614BDFD000E5EC2 /* GoogleService-Info.plist in Resources */,
				24C56AC926132AFC000E5EC2 /* Assets.xcassets in Resources */,
				24C56C5A261589BF000E5EC2 /* BrandonGrotesque-Light.ttf in Resources */,
				24C56C59261589BF000E5EC2 /* BrandonGrotesque-Medium.ttf in Resources */,
				24C56C56261589BF000E5EC2 /* BrandonGrotesque-Black.ttf in Resources */,
			);
			runOnlyForDeploymentPostprocessing = 0;
		};
		24C56AD326132AFD000E5EC2 /* Resources */ = {
			isa = PBXResourcesBuildPhase;
			buildActionMask = 2147483647;
			files = (
			);
			runOnlyForDeploymentPostprocessing = 0;
		};
		24C56ADE26132AFD000E5EC2 /* Resources */ = {
			isa = PBXResourcesBuildPhase;
			buildActionMask = 2147483647;
			files = (
			);
			runOnlyForDeploymentPostprocessing = 0;
		};
/* End PBXResourcesBuildPhase section */

/* Begin PBXShellScriptBuildPhase section */
		24C56C2B2614CEF0000E5EC2 /* ShellScript */ = {
			isa = PBXShellScriptBuildPhase;
			buildActionMask = 2147483647;
			files = (
			);
			inputFileListPaths = (
			);
			inputPaths = (
				"$TEMP_DIR/rswift-lastrun",
			);
			outputFileListPaths = (
			);
			outputPaths = (
				$SRCROOT/MeetMeThere/Generated/R.generated.swift,
			);
			runOnlyForDeploymentPostprocessing = 0;
			shellPath = /bin/sh;
			shellScript = "\"$PODS_ROOT/R.swift/rswift\" generate \"$SRCROOT/MeetMeThere/Generated/R.generated.swift\"\n";
		};
		5BFA56D6C8EFEF72915A4F2E /* [CP] Embed Pods Frameworks */ = {
			isa = PBXShellScriptBuildPhase;
			buildActionMask = 2147483647;
			files = (
			);
			inputFileListPaths = (
				"${PODS_ROOT}/Target Support Files/Pods-MeetMeThere/Pods-MeetMeThere-frameworks-${CONFIGURATION}-input-files.xcfilelist",
			);
			name = "[CP] Embed Pods Frameworks";
			outputFileListPaths = (
				"${PODS_ROOT}/Target Support Files/Pods-MeetMeThere/Pods-MeetMeThere-frameworks-${CONFIGURATION}-output-files.xcfilelist",
			);
			runOnlyForDeploymentPostprocessing = 0;
			shellPath = /bin/sh;
			shellScript = "\"${PODS_ROOT}/Target Support Files/Pods-MeetMeThere/Pods-MeetMeThere-frameworks.sh\"\n";
			showEnvVarsInLog = 0;
		};
		7908A97E2C1C0736BC682E67 /* [CP] Check Pods Manifest.lock */ = {
			isa = PBXShellScriptBuildPhase;
			buildActionMask = 2147483647;
			files = (
			);
			inputFileListPaths = (
			);
			inputPaths = (
				"${PODS_PODFILE_DIR_PATH}/Podfile.lock",
				"${PODS_ROOT}/Manifest.lock",
			);
			name = "[CP] Check Pods Manifest.lock";
			outputFileListPaths = (
			);
			outputPaths = (
				"$(DERIVED_FILE_DIR)/Pods-MeetMeThereTests-checkManifestLockResult.txt",
			);
			runOnlyForDeploymentPostprocessing = 0;
			shellPath = /bin/sh;
			shellScript = "diff \"${PODS_PODFILE_DIR_PATH}/Podfile.lock\" \"${PODS_ROOT}/Manifest.lock\" > /dev/null\nif [ $? != 0 ] ; then\n    # print error to STDERR\n    echo \"error: The sandbox is not in sync with the Podfile.lock. Run 'pod install' or update your CocoaPods installation.\" >&2\n    exit 1\nfi\n# This output is used by Xcode 'outputs' to avoid re-running this script phase.\necho \"SUCCESS\" > \"${SCRIPT_OUTPUT_FILE_0}\"\n";
			showEnvVarsInLog = 0;
		};
		9443EC4A082523F29242A213 /* [CP] Check Pods Manifest.lock */ = {
			isa = PBXShellScriptBuildPhase;
			buildActionMask = 2147483647;
			files = (
			);
			inputFileListPaths = (
			);
			inputPaths = (
				"${PODS_PODFILE_DIR_PATH}/Podfile.lock",
				"${PODS_ROOT}/Manifest.lock",
			);
			name = "[CP] Check Pods Manifest.lock";
			outputFileListPaths = (
			);
			outputPaths = (
				"$(DERIVED_FILE_DIR)/Pods-MeetMeThere-checkManifestLockResult.txt",
			);
			runOnlyForDeploymentPostprocessing = 0;
			shellPath = /bin/sh;
			shellScript = "diff \"${PODS_PODFILE_DIR_PATH}/Podfile.lock\" \"${PODS_ROOT}/Manifest.lock\" > /dev/null\nif [ $? != 0 ] ; then\n    # print error to STDERR\n    echo \"error: The sandbox is not in sync with the Podfile.lock. Run 'pod install' or update your CocoaPods installation.\" >&2\n    exit 1\nfi\n# This output is used by Xcode 'outputs' to avoid re-running this script phase.\necho \"SUCCESS\" > \"${SCRIPT_OUTPUT_FILE_0}\"\n";
			showEnvVarsInLog = 0;
		};
		C53BA126E53371E7E4E607B4 /* [CP] Embed Pods Frameworks */ = {
			isa = PBXShellScriptBuildPhase;
			buildActionMask = 2147483647;
			files = (
			);
			inputFileListPaths = (
				"${PODS_ROOT}/Target Support Files/Pods-MeetMeThere-MeetMeThereUITests/Pods-MeetMeThere-MeetMeThereUITests-frameworks-${CONFIGURATION}-input-files.xcfilelist",
			);
			name = "[CP] Embed Pods Frameworks";
			outputFileListPaths = (
				"${PODS_ROOT}/Target Support Files/Pods-MeetMeThere-MeetMeThereUITests/Pods-MeetMeThere-MeetMeThereUITests-frameworks-${CONFIGURATION}-output-files.xcfilelist",
			);
			runOnlyForDeploymentPostprocessing = 0;
			shellPath = /bin/sh;
			shellScript = "\"${PODS_ROOT}/Target Support Files/Pods-MeetMeThere-MeetMeThereUITests/Pods-MeetMeThere-MeetMeThereUITests-frameworks.sh\"\n";
			showEnvVarsInLog = 0;
		};
		FA56E301C49296E57CA42993 /* [CP] Check Pods Manifest.lock */ = {
			isa = PBXShellScriptBuildPhase;
			buildActionMask = 2147483647;
			files = (
			);
			inputFileListPaths = (
			);
			inputPaths = (
				"${PODS_PODFILE_DIR_PATH}/Podfile.lock",
				"${PODS_ROOT}/Manifest.lock",
			);
			name = "[CP] Check Pods Manifest.lock";
			outputFileListPaths = (
			);
			outputPaths = (
				"$(DERIVED_FILE_DIR)/Pods-MeetMeThere-MeetMeThereUITests-checkManifestLockResult.txt",
			);
			runOnlyForDeploymentPostprocessing = 0;
			shellPath = /bin/sh;
			shellScript = "diff \"${PODS_PODFILE_DIR_PATH}/Podfile.lock\" \"${PODS_ROOT}/Manifest.lock\" > /dev/null\nif [ $? != 0 ] ; then\n    # print error to STDERR\n    echo \"error: The sandbox is not in sync with the Podfile.lock. Run 'pod install' or update your CocoaPods installation.\" >&2\n    exit 1\nfi\n# This output is used by Xcode 'outputs' to avoid re-running this script phase.\necho \"SUCCESS\" > \"${SCRIPT_OUTPUT_FILE_0}\"\n";
			showEnvVarsInLog = 0;
		};
/* End PBXShellScriptBuildPhase section */

/* Begin PBXSourcesBuildPhase section */
		24C56AB826132AF9000E5EC2 /* Sources */ = {
			isa = PBXSourcesBuildPhase;
			buildActionMask = 2147483647;
			files = (
				24C56BCF2614C651000E5EC2 /* StartScreenView.swift in Sources */,
				24C56AC026132AF9000E5EC2 /* AppDelegate.swift in Sources */,
				24C56AC226132AF9000E5EC2 /* SceneDelegate.swift in Sources */,
				24C56C4A261587C7000E5EC2 /* R.generated.swift in Sources */,
				243DA7F626160CDB003C75C8 /* LogInRegistrationButtons.swift in Sources */,
			);
			runOnlyForDeploymentPostprocessing = 0;
		};
		24C56AD126132AFD000E5EC2 /* Sources */ = {
			isa = PBXSourcesBuildPhase;
			buildActionMask = 2147483647;
			files = (
				24C56ADA26132AFD000E5EC2 /* MeetMeThereTests.swift in Sources */,
			);
			runOnlyForDeploymentPostprocessing = 0;
		};
		24C56ADC26132AFD000E5EC2 /* Sources */ = {
			isa = PBXSourcesBuildPhase;
			buildActionMask = 2147483647;
			files = (
				24C56AE526132AFD000E5EC2 /* MeetMeThereUITests.swift in Sources */,
			);
			runOnlyForDeploymentPostprocessing = 0;
		};
/* End PBXSourcesBuildPhase section */

/* Begin PBXTargetDependency section */
		24C56AD726132AFD000E5EC2 /* PBXTargetDependency */ = {
			isa = PBXTargetDependency;
			target = 24C56ABB26132AF9000E5EC2 /* MeetMeThere */;
			targetProxy = 24C56AD626132AFD000E5EC2 /* PBXContainerItemProxy */;
		};
		24C56AE226132AFD000E5EC2 /* PBXTargetDependency */ = {
			isa = PBXTargetDependency;
			target = 24C56ABB26132AF9000E5EC2 /* MeetMeThere */;
			targetProxy = 24C56AE126132AFD000E5EC2 /* PBXContainerItemProxy */;
		};
/* End PBXTargetDependency section */

/* Begin PBXVariantGroup section */
		24C56ACD26132AFC000E5EC2 /* LaunchScreen.storyboard */ = {
			isa = PBXVariantGroup;
			children = (
				24C56ACE26132AFC000E5EC2 /* Base */,
				24C56C0D2614CC34000E5EC2 /* uk */,
			);
			name = LaunchScreen.storyboard;
			sourceTree = "<group>";
		};
		24C56C082614CBA5000E5EC2 /* Localizable.strings */ = {
			isa = PBXVariantGroup;
			children = (
				24C56C0C2614CBAA000E5EC2 /* en */,
				24C56C0E2614CC3E000E5EC2 /* uk */,
				24C56C0F2614CCEE000E5EC2 /* ru */,
			);
			name = Localizable.strings;
			sourceTree = "<group>";
		};
/* End PBXVariantGroup section */

/* Begin XCBuildConfiguration section */
		24C56AE726132AFD000E5EC2 /* Debug */ = {
			isa = XCBuildConfiguration;
			buildSettings = {
				ALWAYS_SEARCH_USER_PATHS = NO;
				CLANG_ANALYZER_LOCALIZABILITY_NONLOCALIZED = YES;
				CLANG_ANALYZER_NONNULL = YES;
				CLANG_ANALYZER_NUMBER_OBJECT_CONVERSION = YES_AGGRESSIVE;
				CLANG_CXX_LANGUAGE_STANDARD = "gnu++14";
				CLANG_CXX_LIBRARY = "libc++";
				CLANG_ENABLE_MODULES = YES;
				CLANG_ENABLE_OBJC_ARC = YES;
				CLANG_ENABLE_OBJC_WEAK = YES;
				CLANG_WARN_BLOCK_CAPTURE_AUTORELEASING = YES;
				CLANG_WARN_BOOL_CONVERSION = YES;
				CLANG_WARN_COMMA = YES;
				CLANG_WARN_CONSTANT_CONVERSION = YES;
				CLANG_WARN_DEPRECATED_OBJC_IMPLEMENTATIONS = YES;
				CLANG_WARN_DIRECT_OBJC_ISA_USAGE = YES_ERROR;
				CLANG_WARN_DOCUMENTATION_COMMENTS = YES;
				CLANG_WARN_EMPTY_BODY = YES;
				CLANG_WARN_ENUM_CONVERSION = YES;
				CLANG_WARN_INFINITE_RECURSION = YES;
				CLANG_WARN_INT_CONVERSION = YES;
				CLANG_WARN_NON_LITERAL_NULL_CONVERSION = YES;
				CLANG_WARN_OBJC_IMPLICIT_RETAIN_SELF = YES;
				CLANG_WARN_OBJC_LITERAL_CONVERSION = YES;
				CLANG_WARN_OBJC_ROOT_CLASS = YES_ERROR;
				CLANG_WARN_QUOTED_INCLUDE_IN_FRAMEWORK_HEADER = YES;
				CLANG_WARN_RANGE_LOOP_ANALYSIS = YES;
				CLANG_WARN_STRICT_PROTOTYPES = YES;
				CLANG_WARN_SUSPICIOUS_MOVE = YES;
				CLANG_WARN_UNGUARDED_AVAILABILITY = YES_AGGRESSIVE;
				CLANG_WARN_UNREACHABLE_CODE = YES;
				CLANG_WARN__DUPLICATE_METHOD_MATCH = YES;
				COPY_PHASE_STRIP = NO;
				DEBUG_INFORMATION_FORMAT = dwarf;
				ENABLE_STRICT_OBJC_MSGSEND = YES;
				ENABLE_TESTABILITY = YES;
				GCC_C_LANGUAGE_STANDARD = gnu11;
				GCC_DYNAMIC_NO_PIC = NO;
				GCC_NO_COMMON_BLOCKS = YES;
				GCC_OPTIMIZATION_LEVEL = 0;
				GCC_PREPROCESSOR_DEFINITIONS = (
					"DEBUG=1",
					"$(inherited)",
				);
				GCC_WARN_64_TO_32_BIT_CONVERSION = YES;
				GCC_WARN_ABOUT_RETURN_TYPE = YES_ERROR;
				GCC_WARN_UNDECLARED_SELECTOR = YES;
				GCC_WARN_UNINITIALIZED_AUTOS = YES_AGGRESSIVE;
				GCC_WARN_UNUSED_FUNCTION = YES;
				GCC_WARN_UNUSED_VARIABLE = YES;
				IPHONEOS_DEPLOYMENT_TARGET = 14.4;
				MTL_ENABLE_DEBUG_INFO = INCLUDE_SOURCE;
				MTL_FAST_MATH = YES;
				ONLY_ACTIVE_ARCH = YES;
				SDKROOT = iphoneos;
				SWIFT_ACTIVE_COMPILATION_CONDITIONS = DEBUG;
				SWIFT_OPTIMIZATION_LEVEL = "-Onone";
			};
			name = Debug;
		};
		24C56AE826132AFD000E5EC2 /* Release */ = {
			isa = XCBuildConfiguration;
			buildSettings = {
				ALWAYS_SEARCH_USER_PATHS = NO;
				CLANG_ANALYZER_LOCALIZABILITY_NONLOCALIZED = YES;
				CLANG_ANALYZER_NONNULL = YES;
				CLANG_ANALYZER_NUMBER_OBJECT_CONVERSION = YES_AGGRESSIVE;
				CLANG_CXX_LANGUAGE_STANDARD = "gnu++14";
				CLANG_CXX_LIBRARY = "libc++";
				CLANG_ENABLE_MODULES = YES;
				CLANG_ENABLE_OBJC_ARC = YES;
				CLANG_ENABLE_OBJC_WEAK = YES;
				CLANG_WARN_BLOCK_CAPTURE_AUTORELEASING = YES;
				CLANG_WARN_BOOL_CONVERSION = YES;
				CLANG_WARN_COMMA = YES;
				CLANG_WARN_CONSTANT_CONVERSION = YES;
				CLANG_WARN_DEPRECATED_OBJC_IMPLEMENTATIONS = YES;
				CLANG_WARN_DIRECT_OBJC_ISA_USAGE = YES_ERROR;
				CLANG_WARN_DOCUMENTATION_COMMENTS = YES;
				CLANG_WARN_EMPTY_BODY = YES;
				CLANG_WARN_ENUM_CONVERSION = YES;
				CLANG_WARN_INFINITE_RECURSION = YES;
				CLANG_WARN_INT_CONVERSION = YES;
				CLANG_WARN_NON_LITERAL_NULL_CONVERSION = YES;
				CLANG_WARN_OBJC_IMPLICIT_RETAIN_SELF = YES;
				CLANG_WARN_OBJC_LITERAL_CONVERSION = YES;
				CLANG_WARN_OBJC_ROOT_CLASS = YES_ERROR;
				CLANG_WARN_QUOTED_INCLUDE_IN_FRAMEWORK_HEADER = YES;
				CLANG_WARN_RANGE_LOOP_ANALYSIS = YES;
				CLANG_WARN_STRICT_PROTOTYPES = YES;
				CLANG_WARN_SUSPICIOUS_MOVE = YES;
				CLANG_WARN_UNGUARDED_AVAILABILITY = YES_AGGRESSIVE;
				CLANG_WARN_UNREACHABLE_CODE = YES;
				CLANG_WARN__DUPLICATE_METHOD_MATCH = YES;
				COPY_PHASE_STRIP = NO;
				DEBUG_INFORMATION_FORMAT = "dwarf-with-dsym";
				ENABLE_NS_ASSERTIONS = NO;
				ENABLE_STRICT_OBJC_MSGSEND = YES;
				GCC_C_LANGUAGE_STANDARD = gnu11;
				GCC_NO_COMMON_BLOCKS = YES;
				GCC_WARN_64_TO_32_BIT_CONVERSION = YES;
				GCC_WARN_ABOUT_RETURN_TYPE = YES_ERROR;
				GCC_WARN_UNDECLARED_SELECTOR = YES;
				GCC_WARN_UNINITIALIZED_AUTOS = YES_AGGRESSIVE;
				GCC_WARN_UNUSED_FUNCTION = YES;
				GCC_WARN_UNUSED_VARIABLE = YES;
				IPHONEOS_DEPLOYMENT_TARGET = 14.4;
				MTL_ENABLE_DEBUG_INFO = NO;
				MTL_FAST_MATH = YES;
				SDKROOT = iphoneos;
				SWIFT_COMPILATION_MODE = wholemodule;
				SWIFT_OPTIMIZATION_LEVEL = "-O";
				VALIDATE_PRODUCT = YES;
			};
			name = Release;
		};
		24C56AEA26132AFD000E5EC2 /* Debug */ = {
			isa = XCBuildConfiguration;
			baseConfigurationReference = A32F129FC9E304F9B88D36D9 /* Pods-MeetMeThere.debug.xcconfig */;
			buildSettings = {
				ASSETCATALOG_COMPILER_APPICON_NAME = AppIcon;
				ASSETCATALOG_COMPILER_GLOBAL_ACCENT_COLOR_NAME = AccentColor;
				CODE_SIGN_STYLE = Automatic;
				DEVELOPMENT_ASSET_PATHS = "";
				ENABLE_PREVIEWS = YES;
				INFOPLIST_FILE = MeetMeThere/Resources/Info.plist;
				IPHONEOS_DEPLOYMENT_TARGET = 14.1;
				LD_RUNPATH_SEARCH_PATHS = (
					"$(inherited)",
					"@executable_path/Frameworks",
				);
				PRODUCT_BUNDLE_IDENTIFIER = YanaSychevska.MeetMeThere;
				PRODUCT_NAME = "$(TARGET_NAME)";
				SWIFT_VERSION = 5.0;
				TARGETED_DEVICE_FAMILY = "1,2";
			};
			name = Debug;
		};
		24C56AEB26132AFD000E5EC2 /* Release */ = {
			isa = XCBuildConfiguration;
			baseConfigurationReference = F891F28715221CFD74AB0514 /* Pods-MeetMeThere.release.xcconfig */;
			buildSettings = {
				ASSETCATALOG_COMPILER_APPICON_NAME = AppIcon;
				ASSETCATALOG_COMPILER_GLOBAL_ACCENT_COLOR_NAME = AccentColor;
				CODE_SIGN_STYLE = Automatic;
				DEVELOPMENT_ASSET_PATHS = "";
				ENABLE_PREVIEWS = YES;
				INFOPLIST_FILE = MeetMeThere/Resources/Info.plist;
				IPHONEOS_DEPLOYMENT_TARGET = 14.1;
				LD_RUNPATH_SEARCH_PATHS = (
					"$(inherited)",
					"@executable_path/Frameworks",
				);
				PRODUCT_BUNDLE_IDENTIFIER = YanaSychevska.MeetMeThere;
				PRODUCT_NAME = "$(TARGET_NAME)";
				SWIFT_VERSION = 5.0;
				TARGETED_DEVICE_FAMILY = "1,2";
			};
			name = Release;
		};
		24C56AED26132AFD000E5EC2 /* Debug */ = {
			isa = XCBuildConfiguration;
			baseConfigurationReference = A7268ECBCFB173B65955E628 /* Pods-MeetMeThereTests.debug.xcconfig */;
			buildSettings = {
				ALWAYS_EMBED_SWIFT_STANDARD_LIBRARIES = YES;
				BUNDLE_LOADER = "$(TEST_HOST)";
				CODE_SIGN_STYLE = Automatic;
				INFOPLIST_FILE = MeetMeThereTests/Info.plist;
				IPHONEOS_DEPLOYMENT_TARGET = 14.4;
				LD_RUNPATH_SEARCH_PATHS = (
					"$(inherited)",
					"@executable_path/Frameworks",
					"@loader_path/Frameworks",
				);
				PRODUCT_BUNDLE_IDENTIFIER = YanaSychevska.MeetMeThereTests;
				PRODUCT_NAME = "$(TARGET_NAME)";
				SWIFT_VERSION = 5.0;
				TARGETED_DEVICE_FAMILY = "1,2";
				TEST_HOST = "$(BUILT_PRODUCTS_DIR)/MeetMeThere.app/MeetMeThere";
			};
			name = Debug;
		};
		24C56AEE26132AFD000E5EC2 /* Release */ = {
			isa = XCBuildConfiguration;
			baseConfigurationReference = 708DBFED0BFE8AEF2BF17BCF /* Pods-MeetMeThereTests.release.xcconfig */;
			buildSettings = {
				ALWAYS_EMBED_SWIFT_STANDARD_LIBRARIES = YES;
				BUNDLE_LOADER = "$(TEST_HOST)";
				CODE_SIGN_STYLE = Automatic;
				INFOPLIST_FILE = MeetMeThereTests/Info.plist;
				IPHONEOS_DEPLOYMENT_TARGET = 14.4;
				LD_RUNPATH_SEARCH_PATHS = (
					"$(inherited)",
					"@executable_path/Frameworks",
					"@loader_path/Frameworks",
				);
				PRODUCT_BUNDLE_IDENTIFIER = YanaSychevska.MeetMeThereTests;
				PRODUCT_NAME = "$(TARGET_NAME)";
				SWIFT_VERSION = 5.0;
				TARGETED_DEVICE_FAMILY = "1,2";
				TEST_HOST = "$(BUILT_PRODUCTS_DIR)/MeetMeThere.app/MeetMeThere";
			};
			name = Release;
		};
		24C56AF026132AFD000E5EC2 /* Debug */ = {
			isa = XCBuildConfiguration;
			baseConfigurationReference = CB056A4E7C4C70EF6AD1FB1B /* Pods-MeetMeThere-MeetMeThereUITests.debug.xcconfig */;
			buildSettings = {
				ALWAYS_EMBED_SWIFT_STANDARD_LIBRARIES = YES;
				CODE_SIGN_STYLE = Automatic;
				INFOPLIST_FILE = MeetMeThereUITests/Info.plist;
				LD_RUNPATH_SEARCH_PATHS = (
					"$(inherited)",
					"@executable_path/Frameworks",
					"@loader_path/Frameworks",
				);
				PRODUCT_BUNDLE_IDENTIFIER = YanaSychevska.MeetMeThereUITests;
				PRODUCT_NAME = "$(TARGET_NAME)";
				SWIFT_VERSION = 5.0;
				TARGETED_DEVICE_FAMILY = "1,2";
				TEST_TARGET_NAME = MeetMeThere;
			};
			name = Debug;
		};
		24C56AF126132AFD000E5EC2 /* Release */ = {
			isa = XCBuildConfiguration;
			baseConfigurationReference = A83C686CF653C816A3082F3B /* Pods-MeetMeThere-MeetMeThereUITests.release.xcconfig */;
			buildSettings = {
				ALWAYS_EMBED_SWIFT_STANDARD_LIBRARIES = YES;
				CODE_SIGN_STYLE = Automatic;
				INFOPLIST_FILE = MeetMeThereUITests/Info.plist;
				LD_RUNPATH_SEARCH_PATHS = (
					"$(inherited)",
					"@executable_path/Frameworks",
					"@loader_path/Frameworks",
				);
				PRODUCT_BUNDLE_IDENTIFIER = YanaSychevska.MeetMeThereUITests;
				PRODUCT_NAME = "$(TARGET_NAME)";
				SWIFT_VERSION = 5.0;
				TARGETED_DEVICE_FAMILY = "1,2";
				TEST_TARGET_NAME = MeetMeThere;
			};
			name = Release;
		};
/* End XCBuildConfiguration section */

/* Begin XCConfigurationList section */
		24C56AB726132AF9000E5EC2 /* Build configuration list for PBXProject "MeetMeThere" */ = {
			isa = XCConfigurationList;
			buildConfigurations = (
				24C56AE726132AFD000E5EC2 /* Debug */,
				24C56AE826132AFD000E5EC2 /* Release */,
			);
			defaultConfigurationIsVisible = 0;
			defaultConfigurationName = Release;
		};
		24C56AE926132AFD000E5EC2 /* Build configuration list for PBXNativeTarget "MeetMeThere" */ = {
			isa = XCConfigurationList;
			buildConfigurations = (
				24C56AEA26132AFD000E5EC2 /* Debug */,
				24C56AEB26132AFD000E5EC2 /* Release */,
			);
			defaultConfigurationIsVisible = 0;
			defaultConfigurationName = Release;
		};
		24C56AEC26132AFD000E5EC2 /* Build configuration list for PBXNativeTarget "MeetMeThereTests" */ = {
			isa = XCConfigurationList;
			buildConfigurations = (
				24C56AED26132AFD000E5EC2 /* Debug */,
				24C56AEE26132AFD000E5EC2 /* Release */,
			);
			defaultConfigurationIsVisible = 0;
			defaultConfigurationName = Release;
		};
		24C56AEF26132AFD000E5EC2 /* Build configuration list for PBXNativeTarget "MeetMeThereUITests" */ = {
			isa = XCConfigurationList;
			buildConfigurations = (
				24C56AF026132AFD000E5EC2 /* Debug */,
				24C56AF126132AFD000E5EC2 /* Release */,
			);
			defaultConfigurationIsVisible = 0;
			defaultConfigurationName = Release;
		};
/* End XCConfigurationList section */
	};
	rootObject = 24C56AB426132AF9000E5EC2 /* Project object */;
}
